<?xml version="1.0" encoding="utf-8"?>
<Project ToolsVersion="17.0" xmlns="http://schemas.microsoft.com/developer/msbuild/2003">
  <ItemGroup>
    <ClCompile Include="D:\mvga\barycentric - windows port\barycentric - windows\stb_image\stb_image.cpp">
      <Filter>Source Files</Filter>
    </ClCompile>
    <ClCompile Include="D:\mvga\barycentric - windows port\barycentric - windows\glad.c">
      <Filter>Source Files</Filter>
    </ClCompile>
    <ClCompile Include="D:\mvga\barycentric - windows port\barycentric - windows\Barycentric.cpp">
      <Filter>Source Files</Filter>
    </ClCompile>
  </ItemGroup>
  <ItemGroup>
    <ClInclude Include="D:\mvga\barycentric - windows port\barycentric - windows\Shader.h">
      <Filter>Header Files</Filter>
    </ClInclude>
  </ItemGroup>
  <ItemGroup>
    <CustomBuild Include="D:\mvga\barycentric - windows port\barycentric - windows\CMakeLists.txt" />
  </ItemGroup>
  <ItemGroup>
    <Filter Include="Header Files">
      <UniqueIdentifier>{66DEEC9C-92CF-3A2D-980C-6C862A215DE7}</UniqueIdentifier>
    </Filter>
    <Filter Include="Source Files">
      <UniqueIdentifier>{A6E2C0E4-375E-3CCE-B074-1053CE13D0BA}</UniqueIdentifier>
    </Filter>
  </ItemGroup>
</Project>
